
Microsoft Visual Studio Solution File, Format Version 12.00
# Visual Studio Version 17
VisualStudioVersion = 17.9.34622.214
MinimumVisualStudioVersion = 10.0.40219.1
Project("{FAE04EC0-301F-11D3-BF4B-00C04F79EFBC}") = "11.3.24", "11.3.24.csproj", "{BF563895-1879-4829-BAE5-3201C8BBC3A2}"
EndProject
Global
	GlobalSection(SolutionConfigurationPlatforms) = preSolution
		Debug|Any CPU = Debug|Any CPU
		Release|Any CPU = Release|Any CPU
	EndGlobalSection
	GlobalSection(ProjectConfigurationPlatforms) = postSolution
		{BF563895-1879-4829-BAE5-3201C8BBC3A2}.Debug|Any CPU.ActiveCfg = Debug|Any CPU
		{BF563895-1879-4829-BAE5-3201C8BBC3A2}.Debug|Any CPU.Build.0 = Debug|Any CPU
		{BF563895-1879-4829-BAE5-3201C8BBC3A2}.Release|Any CPU.ActiveCfg = Release|Any CPU
		{BF563895-1879-4829-BAE5-3201C8BBC3A2}.Release|Any CPU.Build.0 = Release|Any CPU
	EndGlobalSection
	GlobalSection(SolutionProperties) = preSolution
		HideSolutionNode = FALSE
	EndGlobalSection
	GlobalSection(ExtensibilityGlobals) = postSolution
		SolutionGuid = {FA3C6FC7-AA5E-48B0-9320-98C4EC95B208}
	EndGlobalSection
EndGlobal
